
Microsoft Visual Studio Solution File, Format Version 12.00
# Visual Studio Version 16
VisualStudioVersion = 16.0.30804.86
MinimumVisualStudioVersion = 10.0.40219.1
Project("{FAE04EC0-301F-11D3-BF4B-00C04F79EFBC}") = "Statistics", "Statistics\Statistics.csproj", "{77EFF125-78B6-46E6-B4DE-9AC6DC4F0F8B}"
EndProject
Global
	GlobalSection(SolutionConfigurationPlatforms) = preSolution
		Debug|Any CPU = Debug|Any CPU
		Release|Any CPU = Release|Any CPU
	EndGlobalSection
	GlobalSection(ProjectConfigurationPlatforms) = postSolution
		{77EFF125-78B6-46E6-B4DE-9AC6DC4F0F8B}.Debug|Any CPU.ActiveCfg = Debug|Any CPU
		{77EFF125-78B6-46E6-B4DE-9AC6DC4F0F8B}.Debug|Any CPU.Build.0 = Debug|Any CPU
		{77EFF125-78B6-46E6-B4DE-9AC6DC4F0F8B}.Release|Any CPU.ActiveCfg = Release|Any CPU
		{77EFF125-78B6-46E6-B4DE-9AC6DC4F0F8B}.Release|Any CPU.Build.0 = Release|Any CPU
	EndGlobalSection
	GlobalSection(SolutionProperties) = preSolution
		HideSolutionNode = FALSE
	EndGlobalSection
	GlobalSection(ExtensibilityGlobals) = postSolution
		SolutionGuid = {370F3B11-464D-4803-8D42-0AA05F413661}
	EndGlobalSection
EndGlobal
